
Microsoft Visual Studio Solution File, Format Version 12.00
# Visual Studio Version 17
VisualStudioVersion = 17.3.32825.248
MinimumVisualStudioVersion = 10.0.40219.1
Project("{9A19103F-16F7-4668-BE54-9A1E7A4F7556}") = "Rainbow", "Rainbow\Rainbow.csproj", "{B2D9FAB5-F81A-469B-94D9-5D11CD61083E}"
EndProject
Project("{FAE04EC0-301F-11D3-BF4B-00C04F79EFBC}") = "Rainbow.State", "Rainbow.State\Rainbow.State.csproj", "{505FB19D-A4A1-4103-899D-2138236C09A3}"
EndProject
Global
	GlobalSection(SolutionConfigurationPlatforms) = preSolution
		Debug|Any CPU = Debug|Any CPU
		Release|Any CPU = Release|Any CPU
	EndGlobalSection
	GlobalSection(ProjectConfigurationPlatforms) = postSolution
		{B2D9FAB5-F81A-469B-94D9-5D11CD61083E}.Debug|Any CPU.ActiveCfg = Debug|Any CPU
		{B2D9FAB5-F81A-469B-94D9-5D11CD61083E}.Debug|Any CPU.Build.0 = Debug|Any CPU
		{B2D9FAB5-F81A-469B-94D9-5D11CD61083E}.Release|Any CPU.ActiveCfg = Release|Any CPU
		{B2D9FAB5-F81A-469B-94D9-5D11CD61083E}.Release|Any CPU.Build.0 = Release|Any CPU
		{505FB19D-A4A1-4103-899D-2138236C09A3}.Debug|Any CPU.ActiveCfg = Debug|Any CPU
		{505FB19D-A4A1-4103-899D-2138236C09A3}.Debug|Any CPU.Build.0 = Debug|Any CPU
		{505FB19D-A4A1-4103-899D-2138236C09A3}.Release|Any CPU.ActiveCfg = Release|Any CPU
		{505FB19D-A4A1-4103-899D-2138236C09A3}.Release|Any CPU.Build.0 = Release|Any CPU
	EndGlobalSection
	GlobalSection(SolutionProperties) = preSolution
		HideSolutionNode = FALSE
	EndGlobalSection
	GlobalSection(ExtensibilityGlobals) = postSolution
		SolutionGuid = {DB9498B1-275C-4AB3-9DE2-C404925CF844}
	EndGlobalSection
EndGlobal
